NeoBundleLock emmet-vim 610c2ea6730eab2f3a9bbbfc423ac4bdd6db2c96
NeoBundleLock neobundle.vim 0469b51d99cb52bf8d6c416b3ed6159a2cdaed9c
NeoBundleLock neocomplete 0a8a7e8a72a23459c2eda5116fe9b22b0dad7a3e
NeoBundleLock neosnippet a615a18839f30343c8a0d7f3761336c61bf18214
NeoBundleLock open-browser.vim 7401abae649219708cc09a50e4f8967c5a11083c
NeoBundleLock previm d36c96ab555cde16f9386a4d9cb645b31d7658cc
NeoBundleLock syntastic 5c6e78a2711aa5d04d116123d78684b620033c3d
NeoBundleLock tern_for_vim 63f7f56bbcd0359897ed45dff0ec7b9f0a992376
NeoBundleLock vim-autoclose a9a3b7384657bc1f60a963fd6c08c63fc48d61c3
NeoBundleLock vim-markdown e43bca70debd4a63deca8a25155ceaaa32566f0b
