NeoBundleLock emmet-vim 610c2ea6730eab2f3a9bbbfc423ac4bdd6db2c96
NeoBundleLock neobundle.vim 20e4f40aa38fdfcf5f07334409a2928209657540
NeoBundleLock neocomplete 0a8a7e8a72a23459c2eda5116fe9b22b0dad7a3e
NeoBundleLock open-browser.vim 7401abae649219708cc09a50e4f8967c5a11083c
NeoBundleLock previm 6ad4348a8fdff0953725e96854c8d23c482fedd5
NeoBundleLock syntastic a7fde99ea9a4eb26e6dfedb3ea54bbeefb71b325
NeoBundleLock tern_for_vim 63f7f56bbcd0359897ed45dff0ec7b9f0a992376
NeoBundleLock vim-autoclose a9a3b7384657bc1f60a963fd6c08c63fc48d61c3
NeoBundleLock vim-markdown 81e1f07a8482b34ea8c59f6800e7e8dec7bf56b9
