NeoBundleLock emmet-vim 610c2ea6730eab2f3a9bbbfc423ac4bdd6db2c96
NeoBundleLock neobundle.vim c37a56100afde3ea5b06031735bb5c8e9fc7db3e
NeoBundleLock neocomplete 28386c3cb00f890369d3be0f810cbf908d68866f
NeoBundleLock open-browser.vim 7401abae649219708cc09a50e4f8967c5a11083c
NeoBundleLock previm 39e88eeddf4395de32155b53090a0d598b855080
NeoBundleLock syntastic ae405fed8d9683ed9dc63d5aa2688fdacb434ed8
NeoBundleLock tern_for_vim c677b663adc1e34f4419c70f278dc78d017e673b
NeoBundleLock vim-autoclose a9a3b7384657bc1f60a963fd6c08c63fc48d61c3
NeoBundleLock vim-markdown e43bca70debd4a63deca8a25155ceaaa32566f0b
